
Microsoft Visual Studio Solution File, Format Version 12.00
# Visual Studio 15
VisualStudioVersion = 15.0.28307.1145
MinimumVisualStudioVersion = 10.0.40219.1
Project("{FAE04EC0-301F-11D3-BF4B-00C04F79EFBC}") = "WalkthroughReadVersion.Android", "WalkthroughReadVersion\WalkthroughReadVersion.Android\WalkthroughReadVersion.Android.csproj", "{E2E5E2F4-602D-4996-9D1C-10B455FFA12A}"
EndProject
Project("{FAE04EC0-301F-11D3-BF4B-00C04F79EFBC}") = "WalkthroughReadVersion.iOS", "WalkthroughReadVersion\WalkthroughReadVersion.iOS\WalkthroughReadVersion.iOS.csproj", "{A923148E-FBC0-4592-9A76-07203CFBDF87}"
EndProject
Project("{FAE04EC0-301F-11D3-BF4B-00C04F79EFBC}") = "WalkthroughReadVersion.UWP", "WalkthroughReadVersion\WalkthroughReadVersion.UWP\WalkthroughReadVersion.UWP.csproj", "{F7D52176-9FBF-4905-A4A4-5FF2BE3C421D}"
EndProject
Project("{9A19103F-16F7-4668-BE54-9A1E7A4F7556}") = "WalkthroughReadVersion", "WalkthroughReadVersion\WalkthroughReadVersion\WalkthroughReadVersion.csproj", "{05F9B2E2-2680-4C15-8C89-DE351CE5DD42}"
EndProject
Global
	GlobalSection(SolutionConfigurationPlatforms) = preSolution
		Ad-Hoc|Any CPU = Ad-Hoc|Any CPU
		Ad-Hoc|ARM = Ad-Hoc|ARM
		Ad-Hoc|iPhone = Ad-Hoc|iPhone
		Ad-Hoc|iPhoneSimulator = Ad-Hoc|iPhoneSimulator
		Ad-Hoc|x64 = Ad-Hoc|x64
		Ad-Hoc|x86 = Ad-Hoc|x86
		AppStore|Any CPU = AppStore|Any CPU
		AppStore|ARM = AppStore|ARM
		AppStore|iPhone = AppStore|iPhone
		AppStore|iPhoneSimulator = AppStore|iPhoneSimulator
		AppStore|x64 = AppStore|x64
		AppStore|x86 = AppStore|x86
		Debug|Any CPU = Debug|Any CPU
		Debug|ARM = Debug|ARM
		Debug|iPhone = Debug|iPhone
		Debug|iPhoneSimulator = Debug|iPhoneSimulator
		Debug|x64 = Debug|x64
		Debug|x86 = Debug|x86
		Release|Any CPU = Release|Any CPU
		Release|ARM = Release|ARM
		Release|iPhone = Release|iPhone
		Release|iPhoneSimulator = Release|iPhoneSimulator
		Release|x64 = Release|x64
		Release|x86 = Release|x86
	EndGlobalSection
	GlobalSection(ProjectConfigurationPlatforms) = postSolution
		{E2E5E2F4-602D-4996-9D1C-10B455FFA12A}.Ad-Hoc|Any CPU.ActiveCfg = Release|Any CPU
		{E2E5E2F4-602D-4996-9D1C-10B455FFA12A}.Ad-Hoc|Any CPU.Build.0 = Release|Any CPU
		{E2E5E2F4-602D-4996-9D1C-10B455FFA12A}.Ad-Hoc|Any CPU.Deploy.0 = Release|Any CPU
		{E2E5E2F4-602D-4996-9D1C-10B455FFA12A}.Ad-Hoc|ARM.ActiveCfg = Release|Any CPU
		{E2E5E2F4-602D-4996-9D1C-10B455FFA12A}.Ad-Hoc|ARM.Build.0 = Release|Any CPU
		{E2E5E2F4-602D-4996-9D1C-10B455FFA12A}.Ad-Hoc|ARM.Deploy.0 = Release|Any CPU
		{E2E5E2F4-602D-4996-9D1C-10B455FFA12A}.Ad-Hoc|iPhone.ActiveCfg = Release|Any CPU
		{E2E5E2F4-602D-4996-9D1C-10B455FFA12A}.Ad-Hoc|iPhone.Build.0 = Release|Any CPU
		{E2E5E2F4-602D-4996-9D1C-10B455FFA12A}.Ad-Hoc|iPhone.Deploy.0 = Release|Any CPU
		{E2E5E2F4-602D-4996-9D1C-10B455FFA12A}.Ad-Hoc|iPhoneSimulator.ActiveCfg = Release|Any CPU
		{E2E5E2F4-602D-4996-9D1C-10B455FFA12A}.Ad-Hoc|iPhoneSimulator.Build.0 = Release|Any CPU
		{E2E5E2F4-602D-4996-9D1C-10B455FFA12A}.Ad-Hoc|iPhoneSimulator.Deploy.0 = Release|Any CPU
		{E2E5E2F4-602D-4996-9D1C-10B455FFA12A}.Ad-Hoc|x64.ActiveCfg = Release|Any CPU
		{E2E5E2F4-602D-4996-9D1C-10B455FFA12A}.Ad-Hoc|x64.Build.0 = Release|Any CPU
		{E2E5E2F4-602D-4996-9D1C-10B455FFA12A}.Ad-Hoc|x64.Deploy.0 = Release|Any CPU
		{E2E5E2F4-602D-4996-9D1C-10B455FFA12A}.Ad-Hoc|x86.ActiveCfg = Release|Any CPU
		{E2E5E2F4-602D-4996-9D1C-10B455FFA12A}.Ad-Hoc|x86.Build.0 = Release|Any CPU
		{E2E5E2F4-602D-4996-9D1C-10B455FFA12A}.Ad-Hoc|x86.Deploy.0 = Release|Any CPU
		{E2E5E2F4-602D-4996-9D1C-10B455FFA12A}.AppStore|Any CPU.ActiveCfg = Release|Any CPU
		{E2E5E2F4-602D-4996-9D1C-10B455FFA12A}.AppStore|Any CPU.Build.0 = Release|Any CPU
		{E2E5E2F4-602D-4996-9D1C-10B455FFA12A}.AppStore|Any CPU.Deploy.0 = Release|Any CPU
		{E2E5E2F4-602D-4996-9D1C-10B455FFA12A}.AppStore|ARM.ActiveCfg = Release|Any CPU
		{E2E5E2F4-602D-4996-9D1C-10B455FFA12A}.AppStore|ARM.Build.0 = Release|Any CPU
		{E2E5E2F4-602D-4996-9D1C-10B455FFA12A}.AppStore|ARM.Deploy.0 = Release|Any CPU
		{E2E5E2F4-602D-4996-9D1C-10B455FFA12A}.AppStore|iPhone.ActiveCfg = Release|Any CPU
		{E2E5E2F4-602D-4996-9D1C-10B455FFA12A}.AppStore|iPhone.Build.0 = Release|Any CPU
		{E2E5E2F4-602D-4996-9D1C-10B455FFA12A}.AppStore|iPhone.Deploy.0 = Release|Any CPU
		{E2E5E2F4-602D-4996-9D1C-10B455FFA12A}.AppStore|iPhoneSimulator.ActiveCfg = Release|Any CPU
		{E2E5E2F4-602D-4996-9D1C-10B455FFA12A}.AppStore|iPhoneSimulator.Build.0 = Release|Any CPU
		{E2E5E2F4-602D-4996-9D1C-10B455FFA12A}.AppStore|iPhoneSimulator.Deploy.0 = Release|Any CPU
		{E2E5E2F4-602D-4996-9D1C-10B455FFA12A}.AppStore|x64.ActiveCfg = Release|Any CPU
		{E2E5E2F4-602D-4996-9D1C-10B455FFA12A}.AppStore|x64.Build.0 = Release|Any CPU
		{E2E5E2F4-602D-4996-9D1C-10B455FFA12A}.AppStore|x64.Deploy.0 = Release|Any CPU
		{E2E5E2F4-602D-4996-9D1C-10B455FFA12A}.AppStore|x86.ActiveCfg = Release|Any CPU
		{E2E5E2F4-602D-4996-9D1C-10B455FFA12A}.AppStore|x86.Build.0 = Release|Any CPU
		{E2E5E2F4-602D-4996-9D1C-10B455FFA12A}.AppStore|x86.Deploy.0 = Release|Any CPU
		{E2E5E2F4-602D-4996-9D1C-10B455FFA12A}.Debug|Any CPU.ActiveCfg = Debug|Any CPU
		{E2E5E2F4-602D-4996-9D1C-10B455FFA12A}.Debug|Any CPU.Build.0 = Debug|Any CPU
		{E2E5E2F4-602D-4996-9D1C-10B455FFA12A}.Debug|Any CPU.Deploy.0 = Debug|Any CPU
		{E2E5E2F4-602D-4996-9D1C-10B455FFA12A}.Debug|ARM.ActiveCfg = Debug|Any CPU
		{E2E5E2F4-602D-4996-9D1C-10B455FFA12A}.Debug|ARM.Build.0 = Debug|Any CPU
		{E2E5E2F4-602D-4996-9D1C-10B455FFA12A}.Debug|ARM.Deploy.0 = Debug|Any CPU
		{E2E5E2F4-602D-4996-9D1C-10B455FFA12A}.Debug|iPhone.ActiveCfg = Debug|Any CPU
		{E2E5E2F4-602D-4996-9D1C-10B455FFA12A}.Debug|iPhone.Build.0 = Debug|Any CPU
		{E2E5E2F4-602D-4996-9D1C-10B455FFA12A}.Debug|iPhone.Deploy.0 = Debug|Any CPU
		{E2E5E2F4-602D-4996-9D1C-10B455FFA12A}.Debug|iPhoneSimulator.ActiveCfg = Debug|Any CPU
		{E2E5E2F4-602D-4996-9D1C-10B455FFA12A}.Debug|iPhoneSimulator.Build.0 = Debug|Any CPU
		{E2E5E2F4-602D-4996-9D1C-10B455FFA12A}.Debug|iPhoneSimulator.Deploy.0 = Debug|Any CPU
		{E2E5E2F4-602D-4996-9D1C-10B455FFA12A}.Debug|x64.ActiveCfg = Debug|Any CPU
		{E2E5E2F4-602D-4996-9D1C-10B455FFA12A}.Debug|x64.Build.0 = Debug|Any CPU
		{E2E5E2F4-602D-4996-9D1C-10B455FFA12A}.Debug|x64.Deploy.0 = Debug|Any CPU
		{E2E5E2F4-602D-4996-9D1C-10B455FFA12A}.Debug|x86.ActiveCfg = Debug|Any CPU
		{E2E5E2F4-602D-4996-9D1C-10B455FFA12A}.Release|Any CPU.ActiveCfg = Release|Any CPU
		{E2E5E2F4-602D-4996-9D1C-10B455FFA12A}.Release|Any CPU.Build.0 = Release|Any CPU
		{E2E5E2F4-602D-4996-9D1C-10B455FFA12A}.Release|Any CPU.Deploy.0 = Release|Any CPU
		{E2E5E2F4-602D-4996-9D1C-10B455FFA12A}.Release|ARM.ActiveCfg = Release|Any CPU
		{E2E5E2F4-602D-4996-9D1C-10B455FFA12A}.Release|ARM.Build.0 = Release|Any CPU
		{E2E5E2F4-602D-4996-9D1C-10B455FFA12A}.Release|ARM.Deploy.0 = Release|Any CPU
		{E2E5E2F4-602D-4996-9D1C-10B455FFA12A}.Release|iPhone.ActiveCfg = Release|Any CPU
		{E2E5E2F4-602D-4996-9D1C-10B455FFA12A}.Release|iPhone.Build.0 = Release|Any CPU
		{E2E5E2F4-602D-4996-9D1C-10B455FFA12A}.Release|iPhone.Deploy.0 = Release|Any CPU
		{E2E5E2F4-602D-4996-9D1C-10B455FFA12A}.Release|iPhoneSimulator.ActiveCfg = Release|Any CPU
		{E2E5E2F4-602D-4996-9D1C-10B455FFA12A}.Release|iPhoneSimulator.Build.0 = Release|Any CPU
		{E2E5E2F4-602D-4996-9D1C-10B455FFA12A}.Release|iPhoneSimulator.Deploy.0 = Release|Any CPU
		{E2E5E2F4-602D-4996-9D1C-10B455FFA12A}.Release|x64.ActiveCfg = Release|Any CPU
		{E2E5E2F4-602D-4996-9D1C-10B455FFA12A}.Release|x64.Build.0 = Release|Any CPU
		{E2E5E2F4-602D-4996-9D1C-10B455FFA12A}.Release|x64.Deploy.0 = Release|Any CPU
		{E2E5E2F4-602D-4996-9D1C-10B455FFA12A}.Release|x86.ActiveCfg = Release|Any CPU
		{E2E5E2F4-602D-4996-9D1C-10B455FFA12A}.Release|x86.Build.0 = Release|Any CPU
		{E2E5E2F4-602D-4996-9D1C-10B455FFA12A}.Release|x86.Deploy.0 = Release|Any CPU
		{A923148E-FBC0-4592-9A76-07203CFBDF87}.Ad-Hoc|Any CPU.ActiveCfg = Ad-Hoc|iPhone
		{A923148E-FBC0-4592-9A76-07203CFBDF87}.Ad-Hoc|Any CPU.Build.0 = Ad-Hoc|iPhone
		{A923148E-FBC0-4592-9A76-07203CFBDF87}.Ad-Hoc|Any CPU.Deploy.0 = Ad-Hoc|iPhone
		{A923148E-FBC0-4592-9A76-07203CFBDF87}.Ad-Hoc|ARM.ActiveCfg = Ad-Hoc|iPhone
		{A923148E-FBC0-4592-9A76-07203CFBDF87}.Ad-Hoc|ARM.Build.0 = Ad-Hoc|iPhone
		{A923148E-FBC0-4592-9A76-07203CFBDF87}.Ad-Hoc|ARM.Deploy.0 = Ad-Hoc|iPhone
		{A923148E-FBC0-4592-9A76-07203CFBDF87}.Ad-Hoc|iPhone.ActiveCfg = Ad-Hoc|iPhone
		{A923148E-FBC0-4592-9A76-07203CFBDF87}.Ad-Hoc|iPhone.Build.0 = Ad-Hoc|iPhone
		{A923148E-FBC0-4592-9A76-07203CFBDF87}.Ad-Hoc|iPhone.Deploy.0 = Ad-Hoc|iPhone
		{A923148E-FBC0-4592-9A76-07203CFBDF87}.Ad-Hoc|iPhoneSimulator.ActiveCfg = Ad-Hoc|iPhoneSimulator
		{A923148E-FBC0-4592-9A76-07203CFBDF87}.Ad-Hoc|iPhoneSimulator.Build.0 = Ad-Hoc|iPhoneSimulator
		{A923148E-FBC0-4592-9A76-07203CFBDF87}.Ad-Hoc|iPhoneSimulator.Deploy.0 = Ad-Hoc|iPhoneSimulator
		{A923148E-FBC0-4592-9A76-07203CFBDF87}.Ad-Hoc|x64.ActiveCfg = Ad-Hoc|iPhone
		{A923148E-FBC0-4592-9A76-07203CFBDF87}.Ad-Hoc|x64.Build.0 = Ad-Hoc|iPhone
		{A923148E-FBC0-4592-9A76-07203CFBDF87}.Ad-Hoc|x64.Deploy.0 = Ad-Hoc|iPhone
		{A923148E-FBC0-4592-9A76-07203CFBDF87}.Ad-Hoc|x86.ActiveCfg = Ad-Hoc|iPhone
		{A923148E-FBC0-4592-9A76-07203CFBDF87}.Ad-Hoc|x86.Build.0 = Ad-Hoc|iPhone
		{A923148E-FBC0-4592-9A76-07203CFBDF87}.Ad-Hoc|x86.Deploy.0 = Ad-Hoc|iPhone
		{A923148E-FBC0-4592-9A76-07203CFBDF87}.AppStore|Any CPU.ActiveCfg = AppStore|iPhone
		{A923148E-FBC0-4592-9A76-07203CFBDF87}.AppStore|Any CPU.Build.0 = AppStore|iPhone
		{A923148E-FBC0-4592-9A76-07203CFBDF87}.AppStore|Any CPU.Deploy.0 = AppStore|iPhone
		{A923148E-FBC0-4592-9A76-07203CFBDF87}.AppStore|ARM.ActiveCfg = AppStore|iPhone
		{A923148E-FBC0-4592-9A76-07203CFBDF87}.AppStore|ARM.Build.0 = AppStore|iPhone
		{A923148E-FBC0-4592-9A76-07203CFBDF87}.AppStore|ARM.Deploy.0 = AppStore|iPhone
		{A923148E-FBC0-4592-9A76-07203CFBDF87}.AppStore|iPhone.ActiveCfg = AppStore|iPhone
		{A923148E-FBC0-4592-9A76-07203CFBDF87}.AppStore|iPhone.Build.0 = AppStore|iPhone
		{A923148E-FBC0-4592-9A76-07203CFBDF87}.AppStore|iPhone.Deploy.0 = AppStore|iPhone
		{A923148E-FBC0-4592-9A76-07203CFBDF87}.AppStore|iPhoneSimulator.ActiveCfg = AppStore|iPhoneSimulator
		{A923148E-FBC0-4592-9A76-07203CFBDF87}.AppStore|iPhoneSimulator.Build.0 = AppStore|iPhoneSimulator
		{A923148E-FBC0-4592-9A76-07203CFBDF87}.AppStore|iPhoneSimulator.Deploy.0 = AppStore|iPhoneSimulator
		{A923148E-FBC0-4592-9A76-07203CFBDF87}.AppStore|x64.ActiveCfg = AppStore|iPhone
		{A923148E-FBC0-4592-9A76-07203CFBDF87}.AppStore|x64.Build.0 = AppStore|iPhone
		{A923148E-FBC0-4592-9A76-07203CFBDF87}.AppStore|x64.Deploy.0 = AppStore|iPhone
		{A923148E-FBC0-4592-9A76-07203CFBDF87}.AppStore|x86.ActiveCfg = AppStore|iPhone
		{A923148E-FBC0-4592-9A76-07203CFBDF87}.AppStore|x86.Build.0 = AppStore|iPhone
		{A923148E-FBC0-4592-9A76-07203CFBDF87}.AppStore|x86.Deploy.0 = AppStore|iPhone
		{A923148E-FBC0-4592-9A76-07203CFBDF87}.Debug|Any CPU.ActiveCfg = Debug|iPhoneSimulator
		{A923148E-FBC0-4592-9A76-07203CFBDF87}.Debug|Any CPU.Build.0 = Debug|iPhoneSimulator
		{A923148E-FBC0-4592-9A76-07203CFBDF87}.Debug|Any CPU.Deploy.0 = Debug|iPhoneSimulator
		{A923148E-FBC0-4592-9A76-07203CFBDF87}.Debug|ARM.ActiveCfg = Debug|iPhone
		{A923148E-FBC0-4592-9A76-07203CFBDF87}.Debug|ARM.Build.0 = Debug|iPhone
		{A923148E-FBC0-4592-9A76-07203CFBDF87}.Debug|ARM.Deploy.0 = Debug|iPhone
		{A923148E-FBC0-4592-9A76-07203CFBDF87}.Debug|iPhone.ActiveCfg = Debug|iPhone
		{A923148E-FBC0-4592-9A76-07203CFBDF87}.Debug|iPhone.Build.0 = Debug|iPhone
		{A923148E-FBC0-4592-9A76-07203CFBDF87}.Debug|iPhone.Deploy.0 = Debug|iPhone
		{A923148E-FBC0-4592-9A76-07203CFBDF87}.Debug|iPhoneSimulator.ActiveCfg = Debug|iPhoneSimulator
		{A923148E-FBC0-4592-9A76-07203CFBDF87}.Debug|iPhoneSimulator.Build.0 = Debug|iPhoneSimulator
		{A923148E-FBC0-4592-9A76-07203CFBDF87}.Debug|iPhoneSimulator.Deploy.0 = Debug|iPhoneSimulator
		{A923148E-FBC0-4592-9A76-07203CFBDF87}.Debug|x64.ActiveCfg = Debug|iPhone
		{A923148E-FBC0-4592-9A76-07203CFBDF87}.Debug|x64.Build.0 = Debug|iPhone
		{A923148E-FBC0-4592-9A76-07203CFBDF87}.Debug|x64.Deploy.0 = Debug|iPhone
		{A923148E-FBC0-4592-9A76-07203CFBDF87}.Debug|x86.ActiveCfg = Debug|iPhone
		{A923148E-FBC0-4592-9A76-07203CFBDF87}.Debug|x86.Deploy.0 = Debug|iPhone
		{A923148E-FBC0-4592-9A76-07203CFBDF87}.Release|Any CPU.ActiveCfg = Release|iPhone
		{A923148E-FBC0-4592-9A76-07203CFBDF87}.Release|Any CPU.Build.0 = Release|iPhone
		{A923148E-FBC0-4592-9A76-07203CFBDF87}.Release|Any CPU.Deploy.0 = Release|iPhone
		{A923148E-FBC0-4592-9A76-07203CFBDF87}.Release|ARM.ActiveCfg = Release|iPhone
		{A923148E-FBC0-4592-9A76-07203CFBDF87}.Release|ARM.Build.0 = Release|iPhone
		{A923148E-FBC0-4592-9A76-07203CFBDF87}.Release|ARM.Deploy.0 = Release|iPhone
		{A923148E-FBC0-4592-9A76-07203CFBDF87}.Release|iPhone.ActiveCfg = Release|iPhone
		{A923148E-FBC0-4592-9A76-07203CFBDF87}.Release|iPhone.Build.0 = Release|iPhone
		{A923148E-FBC0-4592-9A76-07203CFBDF87}.Release|iPhone.Deploy.0 = Release|iPhone
		{A923148E-FBC0-4592-9A76-07203CFBDF87}.Release|iPhoneSimulator.ActiveCfg = Release|iPhoneSimulator
		{A923148E-FBC0-4592-9A76-07203CFBDF87}.Release|iPhoneSimulator.Build.0 = Release|iPhoneSimulator
		{A923148E-FBC0-4592-9A76-07203CFBDF87}.Release|iPhoneSimulator.Deploy.0 = Release|iPhoneSimulator
		{A923148E-FBC0-4592-9A76-07203CFBDF87}.Release|x64.ActiveCfg = Release|iPhone
		{A923148E-FBC0-4592-9A76-07203CFBDF87}.Release|x64.Build.0 = Release|iPhone
		{A923148E-FBC0-4592-9A76-07203CFBDF87}.Release|x64.Deploy.0 = Release|iPhone
		{A923148E-FBC0-4592-9A76-07203CFBDF87}.Release|x86.ActiveCfg = Release|iPhone
		{A923148E-FBC0-4592-9A76-07203CFBDF87}.Release|x86.Build.0 = Release|iPhone
		{A923148E-FBC0-4592-9A76-07203CFBDF87}.Release|x86.Deploy.0 = Release|iPhone
		{F7D52176-9FBF-4905-A4A4-5FF2BE3C421D}.Ad-Hoc|Any CPU.ActiveCfg = Release|x86
		{F7D52176-9FBF-4905-A4A4-5FF2BE3C421D}.Ad-Hoc|Any CPU.Build.0 = Release|x86
		{F7D52176-9FBF-4905-A4A4-5FF2BE3C421D}.Ad-Hoc|Any CPU.Deploy.0 = Release|x86
		{F7D52176-9FBF-4905-A4A4-5FF2BE3C421D}.Ad-Hoc|ARM.ActiveCfg = Release|ARM
		{F7D52176-9FBF-4905-A4A4-5FF2BE3C421D}.Ad-Hoc|ARM.Build.0 = Release|ARM
		{F7D52176-9FBF-4905-A4A4-5FF2BE3C421D}.Ad-Hoc|ARM.Deploy.0 = Release|ARM
		{F7D52176-9FBF-4905-A4A4-5FF2BE3C421D}.Ad-Hoc|iPhone.ActiveCfg = Release|x86
		{F7D52176-9FBF-4905-A4A4-5FF2BE3C421D}.Ad-Hoc|iPhone.Build.0 = Release|x86
		{F7D52176-9FBF-4905-A4A4-5FF2BE3C421D}.Ad-Hoc|iPhone.Deploy.0 = Release|x86
		{F7D52176-9FBF-4905-A4A4-5FF2BE3C421D}.Ad-Hoc|iPhoneSimulator.ActiveCfg = Release|x86
		{F7D52176-9FBF-4905-A4A4-5FF2BE3C421D}.Ad-Hoc|iPhoneSimulator.Build.0 = Release|x86
		{F7D52176-9FBF-4905-A4A4-5FF2BE3C421D}.Ad-Hoc|iPhoneSimulator.Deploy.0 = Release|x86
		{F7D52176-9FBF-4905-A4A4-5FF2BE3C421D}.Ad-Hoc|x64.ActiveCfg = Release|x64
		{F7D52176-9FBF-4905-A4A4-5FF2BE3C421D}.Ad-Hoc|x64.Build.0 = Release|x64
		{F7D52176-9FBF-4905-A4A4-5FF2BE3C421D}.Ad-Hoc|x64.Deploy.0 = Release|x64
		{F7D52176-9FBF-4905-A4A4-5FF2BE3C421D}.Ad-Hoc|x86.ActiveCfg = Release|x86
		{F7D52176-9FBF-4905-A4A4-5FF2BE3C421D}.Ad-Hoc|x86.Build.0 = Release|x86
		{F7D52176-9FBF-4905-A4A4-5FF2BE3C421D}.Ad-Hoc|x86.Deploy.0 = Release|x86
		{F7D52176-9FBF-4905-A4A4-5FF2BE3C421D}.AppStore|Any CPU.ActiveCfg = Release|x86
		{F7D52176-9FBF-4905-A4A4-5FF2BE3C421D}.AppStore|Any CPU.Build.0 = Release|x86
		{F7D52176-9FBF-4905-A4A4-5FF2BE3C421D}.AppStore|Any CPU.Deploy.0 = Release|x86
		{F7D52176-9FBF-4905-A4A4-5FF2BE3C421D}.AppStore|ARM.ActiveCfg = Release|ARM
		{F7D52176-9FBF-4905-A4A4-5FF2BE3C421D}.AppStore|ARM.Build.0 = Release|ARM
		{F7D52176-9FBF-4905-A4A4-5FF2BE3C421D}.AppStore|ARM.Deploy.0 = Release|ARM
		{F7D52176-9FBF-4905-A4A4-5FF2BE3C421D}.AppStore|iPhone.ActiveCfg = Release|x86
		{F7D52176-9FBF-4905-A4A4-5FF2BE3C421D}.AppStore|iPhone.Build.0 = Release|x86
		{F7D52176-9FBF-4905-A4A4-5FF2BE3C421D}.AppStore|iPhone.Deploy.0 = Release|x86
		{F7D52176-9FBF-4905-A4A4-5FF2BE3C421D}.AppStore|iPhoneSimulator.ActiveCfg = Release|x86
		{F7D52176-9FBF-4905-A4A4-5FF2BE3C421D}.AppStore|iPhoneSimulator.Build.0 = Release|x86
		{F7D52176-9FBF-4905-A4A4-5FF2BE3C421D}.AppStore|iPhoneSimulator.Deploy.0 = Release|x86
		{F7D52176-9FBF-4905-A4A4-5FF2BE3C421D}.AppStore|x64.ActiveCfg = Release|x64
		{F7D52176-9FBF-4905-A4A4-5FF2BE3C421D}.AppStore|x64.Build.0 = Release|x64
		{F7D52176-9FBF-4905-A4A4-5FF2BE3C421D}.AppStore|x64.Deploy.0 = Release|x64
		{F7D52176-9FBF-4905-A4A4-5FF2BE3C421D}.AppStore|x86.ActiveCfg = Release|x86
		{F7D52176-9FBF-4905-A4A4-5FF2BE3C421D}.AppStore|x86.Build.0 = Release|x86
		{F7D52176-9FBF-4905-A4A4-5FF2BE3C421D}.AppStore|x86.Deploy.0 = Release|x86
		{F7D52176-9FBF-4905-A4A4-5FF2BE3C421D}.Debug|Any CPU.ActiveCfg = Debug|x86
		{F7D52176-9FBF-4905-A4A4-5FF2BE3C421D}.Debug|Any CPU.Build.0 = Debug|x86
		{F7D52176-9FBF-4905-A4A4-5FF2BE3C421D}.Debug|Any CPU.Deploy.0 = Debug|x86
		{F7D52176-9FBF-4905-A4A4-5FF2BE3C421D}.Debug|ARM.ActiveCfg = Debug|ARM
		{F7D52176-9FBF-4905-A4A4-5FF2BE3C421D}.Debug|ARM.Build.0 = Debug|ARM
		{F7D52176-9FBF-4905-A4A4-5FF2BE3C421D}.Debug|ARM.Deploy.0 = Debug|ARM
		{F7D52176-9FBF-4905-A4A4-5FF2BE3C421D}.Debug|iPhone.ActiveCfg = Debug|x86
		{F7D52176-9FBF-4905-A4A4-5FF2BE3C421D}.Debug|iPhone.Build.0 = Debug|x86
		{F7D52176-9FBF-4905-A4A4-5FF2BE3C421D}.Debug|iPhone.Deploy.0 = Debug|x86
		{F7D52176-9FBF-4905-A4A4-5FF2BE3C421D}.Debug|iPhoneSimulator.ActiveCfg = Debug|x86
		{F7D52176-9FBF-4905-A4A4-5FF2BE3C421D}.Debug|iPhoneSimulator.Build.0 = Debug|x86
		{F7D52176-9FBF-4905-A4A4-5FF2BE3C421D}.Debug|iPhoneSimulator.Deploy.0 = Debug|x86
		{F7D52176-9FBF-4905-A4A4-5FF2BE3C421D}.Debug|x64.ActiveCfg = Debug|x64
		{F7D52176-9FBF-4905-A4A4-5FF2BE3C421D}.Debug|x64.Build.0 = Debug|x64
		{F7D52176-9FBF-4905-A4A4-5FF2BE3C421D}.Debug|x64.Deploy.0 = Debug|x64
		{F7D52176-9FBF-4905-A4A4-5FF2BE3C421D}.Debug|x86.ActiveCfg = Debug|x86
		{F7D52176-9FBF-4905-A4A4-5FF2BE3C421D}.Debug|x86.Build.0 = Debug|x86
		{F7D52176-9FBF-4905-A4A4-5FF2BE3C421D}.Debug|x86.Deploy.0 = Debug|x86
		{F7D52176-9FBF-4905-A4A4-5FF2BE3C421D}.Release|Any CPU.ActiveCfg = Release|x86
		{F7D52176-9FBF-4905-A4A4-5FF2BE3C421D}.Release|Any CPU.Build.0 = Release|x86
		{F7D52176-9FBF-4905-A4A4-5FF2BE3C421D}.Release|Any CPU.Deploy.0 = Release|x86
		{F7D52176-9FBF-4905-A4A4-5FF2BE3C421D}.Release|ARM.ActiveCfg = Release|ARM
		{F7D52176-9FBF-4905-A4A4-5FF2BE3C421D}.Release|ARM.Build.0 = Release|ARM
		{F7D52176-9FBF-4905-A4A4-5FF2BE3C421D}.Release|ARM.Deploy.0 = Release|ARM
		{F7D52176-9FBF-4905-A4A4-5FF2BE3C421D}.Release|iPhone.ActiveCfg = Release|x86
		{F7D52176-9FBF-4905-A4A4-5FF2BE3C421D}.Release|iPhone.Build.0 = Release|x86
		{F7D52176-9FBF-4905-A4A4-5FF2BE3C421D}.Release|iPhone.Deploy.0 = Release|x86
		{F7D52176-9FBF-4905-A4A4-5FF2BE3C421D}.Release|iPhoneSimulator.ActiveCfg = Release|x86
		{F7D52176-9FBF-4905-A4A4-5FF2BE3C421D}.Release|iPhoneSimulator.Build.0 = Release|x86
		{F7D52176-9FBF-4905-A4A4-5FF2BE3C421D}.Release|iPhoneSimulator.Deploy.0 = Release|x86
		{F7D52176-9FBF-4905-A4A4-5FF2BE3C421D}.Release|x64.ActiveCfg = Release|x64
		{F7D52176-9FBF-4905-A4A4-5FF2BE3C421D}.Release|x64.Build.0 = Release|x64
		{F7D52176-9FBF-4905-A4A4-5FF2BE3C421D}.Release|x64.Deploy.0 = Release|x64
		{F7D52176-9FBF-4905-A4A4-5FF2BE3C421D}.Release|x86.ActiveCfg = Release|x86
		{F7D52176-9FBF-4905-A4A4-5FF2BE3C421D}.Release|x86.Build.0 = Release|x86
		{F7D52176-9FBF-4905-A4A4-5FF2BE3C421D}.Release|x86.Deploy.0 = Release|x86
		{05F9B2E2-2680-4C15-8C89-DE351CE5DD42}.Ad-Hoc|Any CPU.ActiveCfg = Debug|Any CPU
		{05F9B2E2-2680-4C15-8C89-DE351CE5DD42}.Ad-Hoc|Any CPU.Build.0 = Debug|Any CPU
		{05F9B2E2-2680-4C15-8C89-DE351CE5DD42}.Ad-Hoc|Any CPU.Deploy.0 = Debug|Any CPU
		{05F9B2E2-2680-4C15-8C89-DE351CE5DD42}.Ad-Hoc|ARM.ActiveCfg = Debug|Any CPU
		{05F9B2E2-2680-4C15-8C89-DE351CE5DD42}.Ad-Hoc|ARM.Build.0 = Debug|Any CPU
		{05F9B2E2-2680-4C15-8C89-DE351CE5DD42}.Ad-Hoc|ARM.Deploy.0 = Debug|Any CPU
		{05F9B2E2-2680-4C15-8C89-DE351CE5DD42}.Ad-Hoc|iPhone.ActiveCfg = Debug|Any CPU
		{05F9B2E2-2680-4C15-8C89-DE351CE5DD42}.Ad-Hoc|iPhone.Build.0 = Debug|Any CPU
		{05F9B2E2-2680-4C15-8C89-DE351CE5DD42}.Ad-Hoc|iPhone.Deploy.0 = Debug|Any CPU
		{05F9B2E2-2680-4C15-8C89-DE351CE5DD42}.Ad-Hoc|iPhoneSimulator.ActiveCfg = Debug|Any CPU
		{05F9B2E2-2680-4C15-8C89-DE351CE5DD42}.Ad-Hoc|iPhoneSimulator.Build.0 = Debug|Any CPU
		{05F9B2E2-2680-4C15-8C89-DE351CE5DD42}.Ad-Hoc|iPhoneSimulator.Deploy.0 = Debug|Any CPU
		{05F9B2E2-2680-4C15-8C89-DE351CE5DD42}.Ad-Hoc|x64.ActiveCfg = Debug|Any CPU
		{05F9B2E2-2680-4C15-8C89-DE351CE5DD42}.Ad-Hoc|x64.Build.0 = Debug|Any CPU
		{05F9B2E2-2680-4C15-8C89-DE351CE5DD42}.Ad-Hoc|x64.Deploy.0 = Debug|Any CPU
		{05F9B2E2-2680-4C15-8C89-DE351CE5DD42}.Ad-Hoc|x86.ActiveCfg = Debug|Any CPU
		{05F9B2E2-2680-4C15-8C89-DE351CE5DD42}.Ad-Hoc|x86.Build.0 = Debug|Any CPU
		{05F9B2E2-2680-4C15-8C89-DE351CE5DD42}.Ad-Hoc|x86.Deploy.0 = Debug|Any CPU
		{05F9B2E2-2680-4C15-8C89-DE351CE5DD42}.AppStore|Any CPU.ActiveCfg = Debug|Any CPU
		{05F9B2E2-2680-4C15-8C89-DE351CE5DD42}.AppStore|Any CPU.Build.0 = Debug|Any CPU
		{05F9B2E2-2680-4C15-8C89-DE351CE5DD42}.AppStore|Any CPU.Deploy.0 = Debug|Any CPU
		{05F9B2E2-2680-4C15-8C89-DE351CE5DD42}.AppStore|ARM.ActiveCfg = Debug|Any CPU
		{05F9B2E2-2680-4C15-8C89-DE351CE5DD42}.AppStore|ARM.Build.0 = Debug|Any CPU
		{05F9B2E2-2680-4C15-8C89-DE351CE5DD42}.AppStore|ARM.Deploy.0 = Debug|Any CPU
		{05F9B2E2-2680-4C15-8C89-DE351CE5DD42}.AppStore|iPhone.ActiveCfg = Debug|Any CPU
		{05F9B2E2-2680-4C15-8C89-DE351CE5DD42}.AppStore|iPhone.Build.0 = Debug|Any CPU
		{05F9B2E2-2680-4C15-8C89-DE351CE5DD42}.AppStore|iPhone.Deploy.0 = Debug|Any CPU
		{05F9B2E2-2680-4C15-8C89-DE351CE5DD42}.AppStore|iPhoneSimulator.ActiveCfg = Debug|Any CPU
		{05F9B2E2-2680-4C15-8C89-DE351CE5DD42}.AppStore|iPhoneSimulator.Build.0 = Debug|Any CPU
		{05F9B2E2-2680-4C15-8C89-DE351CE5DD42}.AppStore|iPhoneSimulator.Deploy.0 = Debug|Any CPU
		{05F9B2E2-2680-4C15-8C89-DE351CE5DD42}.AppStore|x64.ActiveCfg = Debug|Any CPU
		{05F9B2E2-2680-4C15-8C89-DE351CE5DD42}.AppStore|x64.Build.0 = Debug|Any CPU
		{05F9B2E2-2680-4C15-8C89-DE351CE5DD42}.AppStore|x64.Deploy.0 = Debug|Any CPU
		{05F9B2E2-2680-4C15-8C89-DE351CE5DD42}.AppStore|x86.ActiveCfg = Debug|Any CPU
		{05F9B2E2-2680-4C15-8C89-DE351CE5DD42}.AppStore|x86.Build.0 = Debug|Any CPU
		{05F9B2E2-2680-4C15-8C89-DE351CE5DD42}.AppStore|x86.Deploy.0 = Debug|Any CPU
		{05F9B2E2-2680-4C15-8C89-DE351CE5DD42}.Debug|Any CPU.ActiveCfg = Debug|Any CPU
		{05F9B2E2-2680-4C15-8C89-DE351CE5DD42}.Debug|Any CPU.Build.0 = Debug|Any CPU
		{05F9B2E2-2680-4C15-8C89-DE351CE5DD42}.Debug|Any CPU.Deploy.0 = Debug|Any CPU
		{05F9B2E2-2680-4C15-8C89-DE351CE5DD42}.Debug|ARM.ActiveCfg = Debug|Any CPU
		{05F9B2E2-2680-4C15-8C89-DE351CE5DD42}.Debug|ARM.Build.0 = Debug|Any CPU
		{05F9B2E2-2680-4C15-8C89-DE351CE5DD42}.Debug|ARM.Deploy.0 = Debug|Any CPU
		{05F9B2E2-2680-4C15-8C89-DE351CE5DD42}.Debug|iPhone.ActiveCfg = Debug|Any CPU
		{05F9B2E2-2680-4C15-8C89-DE351CE5DD42}.Debug|iPhone.Build.0 = Debug|Any CPU
		{05F9B2E2-2680-4C15-8C89-DE351CE5DD42}.Debug|iPhone.Deploy.0 = Debug|Any CPU
		{05F9B2E2-2680-4C15-8C89-DE351CE5DD42}.Debug|iPhoneSimulator.ActiveCfg = Debug|Any CPU
		{05F9B2E2-2680-4C15-8C89-DE351CE5DD42}.Debug|iPhoneSimulator.Build.0 = Debug|Any CPU
		{05F9B2E2-2680-4C15-8C89-DE351CE5DD42}.Debug|iPhoneSimulator.Deploy.0 = Debug|Any CPU
		{05F9B2E2-2680-4C15-8C89-DE351CE5DD42}.Debug|x64.ActiveCfg = Debug|Any CPU
		{05F9B2E2-2680-4C15-8C89-DE351CE5DD42}.Debug|x64.Build.0 = Debug|Any CPU
		{05F9B2E2-2680-4C15-8C89-DE351CE5DD42}.Debug|x64.Deploy.0 = Debug|Any CPU
		{05F9B2E2-2680-4C15-8C89-DE351CE5DD42}.Debug|x86.ActiveCfg = Debug|Any CPU
		{05F9B2E2-2680-4C15-8C89-DE351CE5DD42}.Debug|x86.Build.0 = Debug|Any CPU
		{05F9B2E2-2680-4C15-8C89-DE351CE5DD42}.Debug|x86.Deploy.0 = Debug|Any CPU
		{05F9B2E2-2680-4C15-8C89-DE351CE5DD42}.Release|Any CPU.ActiveCfg = Release|Any CPU
		{05F9B2E2-2680-4C15-8C89-DE351CE5DD42}.Release|Any CPU.Build.0 = Release|Any CPU
		{05F9B2E2-2680-4C15-8C89-DE351CE5DD42}.Release|Any CPU.Deploy.0 = Release|Any CPU
		{05F9B2E2-2680-4C15-8C89-DE351CE5DD42}.Release|ARM.ActiveCfg = Release|Any CPU
		{05F9B2E2-2680-4C15-8C89-DE351CE5DD42}.Release|ARM.Build.0 = Release|Any CPU
		{05F9B2E2-2680-4C15-8C89-DE351CE5DD42}.Release|ARM.Deploy.0 = Release|Any CPU
		{05F9B2E2-2680-4C15-8C89-DE351CE5DD42}.Release|iPhone.ActiveCfg = Release|Any CPU
		{05F9B2E2-2680-4C15-8C89-DE351CE5DD42}.Release|iPhone.Build.0 = Release|Any CPU
		{05F9B2E2-2680-4C15-8C89-DE351CE5DD42}.Release|iPhone.Deploy.0 = Release|Any CPU
		{05F9B2E2-2680-4C15-8C89-DE351CE5DD42}.Release|iPhoneSimulator.ActiveCfg = Release|Any CPU
		{05F9B2E2-2680-4C15-8C89-DE351CE5DD42}.Release|iPhoneSimulator.Build.0 = Release|Any CPU
		{05F9B2E2-2680-4C15-8C89-DE351CE5DD42}.Release|iPhoneSimulator.Deploy.0 = Release|Any CPU
		{05F9B2E2-2680-4C15-8C89-DE351CE5DD42}.Release|x64.ActiveCfg = Release|Any CPU
		{05F9B2E2-2680-4C15-8C89-DE351CE5DD42}.Release|x64.Build.0 = Release|Any CPU
		{05F9B2E2-2680-4C15-8C89-DE351CE5DD42}.Release|x64.Deploy.0 = Release|Any CPU
		{05F9B2E2-2680-4C15-8C89-DE351CE5DD42}.Release|x86.ActiveCfg = Release|Any CPU
		{05F9B2E2-2680-4C15-8C89-DE351CE5DD42}.Release|x86.Build.0 = Release|Any CPU
		{05F9B2E2-2680-4C15-8C89-DE351CE5DD42}.Release|x86.Deploy.0 = Release|Any CPU
	EndGlobalSection
	GlobalSection(SolutionProperties) = preSolution
		HideSolutionNode = FALSE
	EndGlobalSection
	GlobalSection(ExtensibilityGlobals) = postSolution
		SolutionGuid = {2F195BA8-443E-4F70-9001-2EA5AA7EFC7A}
	EndGlobalSection
EndGlobal
